PODS:
  - BitmovinPlayer (3.37.0)
  - BitmovinYospaceModule (2.0.0):
    - BitmovinPlayer (~> 3.37.0)
    - TruexAdRenderer-iOS (= 3.2.1)
    - YOAdManagement-Release (~> 3.5.2)
  - TruexAdRenderer-iOS (3.2.1)
  - YOAdManagement-Release (3.5.2)

DEPENDENCIES:
  - BitmovinPlayer (= 3.37.0)
  - BitmovinYospaceModule (from `../`)
  - TruexAdRenderer-iOS (= 3.2.1)
  - YOAdManagement-Release

SPEC REPOS:
  https://github.com/bitmovin/cocoapod-specs.git:
    - BitmovinPlayer
  https://www.github.com/socialvibe/cocoapod-specs:
    - TruexAdRenderer-iOS
  https://yospacerepo.jfrog.io/artifactory/api/pods/apple-sdk-release:
    - YOAdManagement-Release

EXTERNAL SOURCES:
  BitmovinYospaceModule:
    :path: "../"

SPEC CHECKSUMS:
  BitmovinPlayer: c0211be8e974f67c7afa11e02964ee21e8ea8bea
  BitmovinYospaceModule: d4b758969f260ffee43368fbe823fe82063f859c
  TruexAdRenderer-iOS: ae88dfba906c2ec8ad6f4a6ad150e42f2bbc3726
  YOAdManagement-Release: 4bcff4ff8e44b699d726936a4d17d73c2a00c6f6

PODFILE CHECKSUM: ad86dd9c5d6a15d599634a61d0a1ac9d77ac8f15

COCOAPODS: 1.12.1
