PODS:
  - BitmovinPlayer (2.51.0)
  - BitmovinYospaceModule (1.10.1):
    - BitmovinPlayer (= 2.51.0)
    - TruexAdRenderer-iOS (= 3.2.1)
  - TruexAdRenderer-iOS (3.2.1)

DEPENDENCIES:
  - BitmovinPlayer (= 2.51.0)
  - BitmovinYospaceModule (from `../`)
  - TruexAdRenderer-iOS (= 3.2.1)

SPEC REPOS:
  https://github.com/bitmovin/cocoapod-specs.git:
    - BitmovinPlayer
  https://www.github.com/socialvibe/cocoapod-specs:
    - TruexAdRenderer-iOS

EXTERNAL SOURCES:
  BitmovinYospaceModule:
    :path: "../"

SPEC CHECKSUMS:
  BitmovinPlayer: 81d4831f53a3db0b7cc48bdd535ceec2238566a8
  BitmovinYospaceModule: b0ae96a6cc829749659a08e559e85b61844c8698
  TruexAdRenderer-iOS: ae88dfba906c2ec8ad6f4a6ad150e42f2bbc3726

PODFILE CHECKSUM: f3ab62a7b75e8dd49fff19dbcac72c6428f5f0e0

COCOAPODS: 1.9.3
