{
  "originHash" : "7aa16a69847ed028e93c5b9fdeefe3eea69b90b2ebee8ebcd706a8ddfd2494a6",
  "pins" : [
    {
      "identity" : "bitmovin-analytics-collector-ios",
      "kind" : "remoteSourceControl",
      "location" : "https://github.com/bitmovin/bitmovin-analytics-collector-ios.git",
      "state" : {
        "revision" : "303f13f46e6ab528b8c00a163726213793f0f9cb",
        "version" : "3.17.0"
      }
    },
    {
      "identity" : "player-ios",
      "kind" : "remoteSourceControl",
      "location" : "https://github.com/bitmovin/player-ios.git",
      "state" : {
        "revision" : "12902dadf34bc796151a4339f0d858132fe09b4b",
        "version" : "3.86.0"
      }
    },
    {
      "identity" : "player-ios-core",
      "kind" : "remoteSourceControl",
      "location" : "https://github.com/bitmovin/player-ios-core.git",
      "state" : {
        "revision" : "41bbb6632d6e1c5f3d742746b983b4c2188b1555",
        "version" : "3.86.0"
      }
    },
    {
      "identity" : "sdwebimage",
      "kind" : "remoteSourceControl",
      "location" : "https://github.com/SDWebImage/SDWebImage.git",
      "state" : {
        "revision" : "5642d1ffe3dbe628592443bd14154e31929727b4",
        "version" : "5.19.2"
      }
    },
    {
      "identity" : "truexadrenderer-ios-swift-package",
      "kind" : "remoteSourceControl",
      "location" : "https://github.com/socialvibe/TruexAdRenderer-iOS-Swift-Package.git",
      "state" : {
        "revision" : "34cb0fb74611ab4c9d5d61d17741350ad80c8aa1",
        "version" : "3.5.1"
      }
    },
    {
      "identity" : "truexadrenderer-tvos-swift-package",
      "kind" : "remoteSourceControl",
      "location" : "https://github.com/socialvibe/TruexAdRenderer-tvOS-Swift-Package.git",
      "state" : {
        "revision" : "c8e0eb9358550101538f7eaed296a1c5f406b1a8",
        "version" : "3.15.2"
      }
    },
    {
      "identity" : "tvos-xcframework",
      "kind" : "remoteSourceControl",
      "location" : "https://github.com/Innovid/tvos-xcframework.git",
      "state" : {
        "revision" : "6f3d90da4125c7c45d195c934bf0a28d0706b55e",
        "version" : "1.7.10"
      }
    },
    {
      "identity" : "yospace.admanagement-sdk",
      "kind" : "registry",
      "location" : "",
      "state" : {
        "version" : "3.10.0"
      }
    }
  ],
  "version" : 3
}
