{
  "originHash" : "08fd2cd7b97f3cde36ccb4fe24452adae855c7531d11a5afe2dea413f78fa5e5",
  "pins" : [
    {
      "identity" : "bitmovin-analytics-collector-ios",
      "kind" : "remoteSourceControl",
      "location" : "https://github.com/bitmovin/bitmovin-analytics-collector-ios.git",
      "state" : {
        "revision" : "2c4cb408db0afe0af3165b1b06c6b7272ef814ef",
        "version" : "3.19.0"
      }
    },
    {
      "identity" : "player-ios",
      "kind" : "remoteSourceControl",
      "location" : "https://github.com/bitmovin/player-ios.git",
      "state" : {
        "revision" : "8932ee137682ba875f90b457d6cd5e701a24e6ea",
        "version" : "3.103.0-a.3"
      }
    },
    {
      "identity" : "player-ios-core",
      "kind" : "remoteSourceControl",
      "location" : "https://github.com/bitmovin/player-ios-core.git",
      "state" : {
        "revision" : "bd0ed12450aa03124f9575e8b42fcb3e37993f07",
        "version" : "3.103.0-a.3"
      }
    },
    {
      "identity" : "sdwebimage",
      "kind" : "remoteSourceControl",
      "location" : "https://github.com/SDWebImage/SDWebImage.git",
      "state" : {
        "revision" : "5642d1ffe3dbe628592443bd14154e31929727b4",
        "version" : "5.19.2"
      }
    },
    {
      "identity" : "truexadrenderer-ios-swift-package",
      "kind" : "remoteSourceControl",
      "location" : "https://github.com/socialvibe/TruexAdRenderer-iOS-Swift-Package.git",
      "state" : {
        "revision" : "34cb0fb74611ab4c9d5d61d17741350ad80c8aa1",
        "version" : "3.5.1"
      }
    },
    {
      "identity" : "truexadrenderer-tvos-swift-package",
      "kind" : "remoteSourceControl",
      "location" : "https://github.com/socialvibe/TruexAdRenderer-tvOS-Swift-Package.git",
      "state" : {
        "revision" : "c8e0eb9358550101538f7eaed296a1c5f406b1a8",
        "version" : "3.15.2"
      }
    },
    {
      "identity" : "tvos-xcframework",
      "kind" : "remoteSourceControl",
      "location" : "https://github.com/Innovid/tvos-xcframework.git",
      "state" : {
        "revision" : "6f3d90da4125c7c45d195c934bf0a28d0706b55e",
        "version" : "1.7.10"
      }
    },
    {
      "identity" : "yospace.admanagement-sdk",
      "kind" : "registry",
      "location" : "",
      "state" : {
        "version" : "3.10.3"
      }
    }
  ],
  "version" : 3
}
