{
  "originHash" : "68584ec222d422b6e70c2ea54d007eec70bf34ae271200f96ddc90a49270a375",
  "pins" : [
    {
      "identity" : "bitmovin-analytics-collector-ios",
      "kind" : "remoteSourceControl",
      "location" : "https://github.com/bitmovin/bitmovin-analytics-collector-ios.git",
      "state" : {
        "revision" : "2c4cb408db0afe0af3165b1b06c6b7272ef814ef",
        "version" : "3.19.0"
      }
    },
    {
      "identity" : "player-ios",
      "kind" : "remoteSourceControl",
      "location" : "https://github.com/bitmovin/player-ios.git",
      "state" : {
        "revision" : "575887cb9fb72530b86464d4683bf42258324708",
        "version" : "3.100.0"
      }
    },
    {
      "identity" : "player-ios-core",
      "kind" : "remoteSourceControl",
      "location" : "https://github.com/bitmovin/player-ios-core.git",
      "state" : {
        "revision" : "8b74da6f63af9fce177b2e088d63f5a382460485",
        "version" : "3.100.0"
      }
    },
    {
      "identity" : "sdwebimage",
      "kind" : "remoteSourceControl",
      "location" : "https://github.com/SDWebImage/SDWebImage.git",
      "state" : {
        "revision" : "5642d1ffe3dbe628592443bd14154e31929727b4",
        "version" : "5.19.2"
      }
    },
    {
      "identity" : "truexadrenderer-ios-swift-package",
      "kind" : "remoteSourceControl",
      "location" : "https://github.com/socialvibe/TruexAdRenderer-iOS-Swift-Package.git",
      "state" : {
        "revision" : "34cb0fb74611ab4c9d5d61d17741350ad80c8aa1",
        "version" : "3.5.1"
      }
    },
    {
      "identity" : "truexadrenderer-tvos-swift-package",
      "kind" : "remoteSourceControl",
      "location" : "https://github.com/socialvibe/TruexAdRenderer-tvOS-Swift-Package.git",
      "state" : {
        "revision" : "c8e0eb9358550101538f7eaed296a1c5f406b1a8",
        "version" : "3.15.2"
      }
    },
    {
      "identity" : "tvos-xcframework",
      "kind" : "remoteSourceControl",
      "location" : "https://github.com/Innovid/tvos-xcframework.git",
      "state" : {
        "revision" : "6f3d90da4125c7c45d195c934bf0a28d0706b55e",
        "version" : "1.7.10"
      }
    },
    {
      "identity" : "yospace.admanagement-sdk",
      "kind" : "registry",
      "location" : "",
      "state" : {
        "version" : "3.10.3"
      }
    }
  ],
  "version" : 3
}
