{
  "originHash" : "1f5f0afecf02e7528c2725cd102465ff2057826065bfb7736b541aee7f31496f",
  "pins" : [
    {
      "identity" : "bitmovin-analytics-collector-ios",
      "kind" : "remoteSourceControl",
      "location" : "https://github.com/bitmovin/bitmovin-analytics-collector-ios.git",
      "state" : {
        "revision" : "2c4cb408db0afe0af3165b1b06c6b7272ef814ef",
        "version" : "3.19.0"
      }
    },
    {
      "identity" : "player-ios",
      "kind" : "remoteSourceControl",
      "location" : "https://github.com/bitmovin/player-ios.git",
      "state" : {
        "revision" : "036a3e2f50ce5fd0bb4a61d1c58050b328cc77fb",
        "version" : "3.103.0"
      }
    },
    {
      "identity" : "player-ios-core",
      "kind" : "remoteSourceControl",
      "location" : "https://github.com/bitmovin/player-ios-core.git",
      "state" : {
        "revision" : "bcc99bfd1b94c23c155a1d6b0cf6e28fd916e927",
        "version" : "3.103.0"
      }
    },
    {
      "identity" : "sdwebimage",
      "kind" : "remoteSourceControl",
      "location" : "https://github.com/SDWebImage/SDWebImage.git",
      "state" : {
        "revision" : "5642d1ffe3dbe628592443bd14154e31929727b4",
        "version" : "5.19.2"
      }
    },
    {
      "identity" : "truexadrenderer-ios-swift-package",
      "kind" : "remoteSourceControl",
      "location" : "https://github.com/socialvibe/TruexAdRenderer-iOS-Swift-Package.git",
      "state" : {
        "revision" : "34cb0fb74611ab4c9d5d61d17741350ad80c8aa1",
        "version" : "3.5.1"
      }
    },
    {
      "identity" : "truexadrenderer-tvos-swift-package",
      "kind" : "remoteSourceControl",
      "location" : "https://github.com/socialvibe/TruexAdRenderer-tvOS-Swift-Package.git",
      "state" : {
        "revision" : "c8e0eb9358550101538f7eaed296a1c5f406b1a8",
        "version" : "3.15.2"
      }
    },
    {
      "identity" : "tvos-xcframework",
      "kind" : "remoteSourceControl",
      "location" : "https://github.com/Innovid/tvos-xcframework.git",
      "state" : {
        "revision" : "6f3d90da4125c7c45d195c934bf0a28d0706b55e",
        "version" : "1.7.10"
      }
    },
    {
      "identity" : "yospace.admanagement-sdk",
      "kind" : "registry",
      "location" : "",
      "state" : {
        "version" : "3.10.3"
      }
    }
  ],
  "version" : 3
}
